// !$*UTF8*$!
{
	archiveVersion = 1;
	classes = {
	};
	objectVersion = 56;
	objects = {

/* Begin PBXBuildFile section */
		D952C5982B24DC83004A0A35 /* SSAMDApp.swift in Sources */ = {isa = PBXBuildFile; fileRef = D952C5972B24DC83004A0A35 /* SSAMDApp.swift */; };
		D952C59A2B24DC83004A0A35 /* ContentView.swift in Sources */ = {isa = PBXBuildFile; fileRef = D952C5992B24DC83004A0A35 /* ContentView.swift */; };
		D952C59C2B24DC85004A0A35 /* Assets.xcassets in Resources */ = {isa = PBXBuildFile; fileRef = D952C59B2B24DC85004A0A35 /* Assets.xcassets */; };
		D952C59F2B24DC85004A0A35 /* Preview Assets.xcassets in Resources */ = {isa = PBXBuildFile; fileRef = D952C59E2B24DC85004A0A35 /* Preview Assets.xcassets */; };
		D952C5A92B24DC85004A0A35 /* SSAMDTests.swift in Sources */ = {isa = PBXBuildFile; fileRef = D952C5A82B24DC85004A0A35 /* SSAMDTests.swift */; };
		D952C5B32B24DC85004A0A35 /* SSAMDUITests.swift in Sources */ = {isa = PBXBuildFile; fileRef = D952C5B22B24DC85004A0A35 /* SSAMDUITests.swift */; };
		D952C5B52B24DC85004A0A35 /* SSAMDUITestsLaunchTests.swift in Sources */ = {isa = PBXBuildFile; fileRef = D952C5B42B24DC85004A0A35 /* SSAMDUITestsLaunchTests.swift */; };
		D952C6312B253066004A0A35 /* DeviceKit in Frameworks */ = {isa = PBXBuildFile; productRef = D952C6302B253066004A0A35 /* DeviceKit */; };
		D952C6332B25351F004A0A35 /* CameraView.swift in Sources */ = {isa = PBXBuildFile; fileRef = D952C6322B25351F004A0A35 /* CameraView.swift */; };
/* End PBXBuildFile section */

/* Begin PBXContainerItemProxy section */
		D952C5A52B24DC85004A0A35 /* PBXContainerItemProxy */ = {
			isa = PBXContainerItemProxy;
			containerPortal = D952C58C2B24DC83004A0A35 /* Project object */;
			proxyType = 1;
			remoteGlobalIDString = D952C5932B24DC83004A0A35;
			remoteInfo = SSAMD;
		};
		D952C5AF2B24DC85004A0A35 /* PBXContainerItemProxy */ = {
			isa = PBXContainerItemProxy;
			containerPortal = D952C58C2B24DC83004A0A35 /* Project object */;
			proxyType = 1;
			remoteGlobalIDString = D952C5932B24DC83004A0A35;
			remoteInfo = SSAMD;
		};
/* End PBXContainerItemProxy section */

/* Begin PBXFileReference section */
		D952C5942B24DC83004A0A35 /* SSAMD.app */ = {isa = PBXFileReference; explicitFileType = wrapper.application; includeInIndex = 0; path = SSAMD.app; sourceTree = BUILT_PRODUCTS_DIR; };
		D952C5972B24DC83004A0A35 /* SSAMDApp.swift */ = {isa = PBXFileReference; lastKnownFileType = sourcecode.swift; path = SSAMDApp.swift; sourceTree = "<group>"; };
		D952C5992B24DC83004A0A35 /* ContentView.swift */ = {isa = PBXFileReference; lastKnownFileType = sourcecode.swift; path = ContentView.swift; sourceTree = "<group>"; };
		D952C59B2B24DC85004A0A35 /* Assets.xcassets */ = {isa = PBXFileReference; lastKnownFileType = folder.assetcatalog; path = Assets.xcassets; sourceTree = "<group>"; };
		D952C59E2B24DC85004A0A35 /* Preview Assets.xcassets */ = {isa = PBXFileReference; lastKnownFileType = folder.assetcatalog; path = "Preview Assets.xcassets"; sourceTree = "<group>"; };
		D952C5A42B24DC85004A0A35 /* SSAMDTests.xctest */ = {isa = PBXFileReference; explicitFileType = wrapper.cfbundle; includeInIndex = 0; path = SSAMDTests.xctest; sourceTree = BUILT_PRODUCTS_DIR; };
		D952C5A82B24DC85004A0A35 /* SSAMDTests.swift */ = {isa = PBXFileReference; lastKnownFileType = sourcecode.swift; path = SSAMDTests.swift; sourceTree = "<group>"; };
		D952C5AE2B24DC85004A0A35 /* SSAMDUITests.xctest */ = {isa = PBXFileReference; explicitFileType = wrapper.cfbundle; includeInIndex = 0; path = SSAMDUITests.xctest; sourceTree = BUILT_PRODUCTS_DIR; };
		D952C5B22B24DC85004A0A35 /* SSAMDUITests.swift */ = {isa = PBXFileReference; lastKnownFileType = sourcecode.swift; path = SSAMDUITests.swift; sourceTree = "<group>"; };
		D952C5B42B24DC85004A0A35 /* SSAMDUITestsLaunchTests.swift */ = {isa = PBXFileReference; lastKnownFileType = sourcecode.swift; path = SSAMDUITestsLaunchTests.swift; sourceTree = "<group>"; };
		D952C6322B25351F004A0A35 /* CameraView.swift */ = {isa = PBXFileReference; lastKnownFileType = sourcecode.swift; path = CameraView.swift; sourceTree = "<group>"; };
/* End PBXFileReference section */

/* Begin PBXFrameworksBuildPhase section */
		D952C5912B24DC83004A0A35 /* Frameworks */ = {
			isa = PBXFrameworksBuildPhase;
			buildActionMask = 2147483647;
			files = (
				D952C6312B253066004A0A35 /* DeviceKit in Frameworks */,
			);
			runOnlyForDeploymentPostprocessing = 0;
		};
		D952C5A12B24DC85004A0A35 /* Frameworks */ = {
			isa = PBXFrameworksBuildPhase;
			buildActionMask = 2147483647;
			files = (
			);
			runOnlyForDeploymentPostprocessing = 0;
		};
		D952C5AB2B24DC85004A0A35 /* Frameworks */ = {
			isa = PBXFrameworksBuildPhase;
			buildActionMask = 2147483647;
			files = (
			);
			runOnlyForDeploymentPostprocessing = 0;
		};
/* End PBXFrameworksBuildPhase section */

/* Begin PBXGroup section */
		D952C58B2B24DC83004A0A35 = {
			isa = PBXGroup;
			children = (
				D952C5962B24DC83004A0A35 /* SSAMD */,
				D952C5A72B24DC85004A0A35 /* SSAMDTests */,
				D952C5B12B24DC85004A0A35 /* SSAMDUITests */,
				D952C5952B24DC83004A0A35 /* Products */,
			);
			sourceTree = "<group>";
		};
		D952C5952B24DC83004A0A35 /* Products */ = {
			isa = PBXGroup;
			children = (
				D952C5942B24DC83004A0A35 /* SSAMD.app */,
				D952C5A42B24DC85004A0A35 /* SSAMDTests.xctest */,
				D952C5AE2B24DC85004A0A35 /* SSAMDUITests.xctest */,
			);
			name = Products;
			sourceTree = "<group>";
		};
		D952C5962B24DC83004A0A35 /* SSAMD */ = {
			isa = PBXGroup;
			children = (
				D952C5972B24DC83004A0A35 /* SSAMDApp.swift */,
				D952C5992B24DC83004A0A35 /* ContentView.swift */,
				D952C6322B25351F004A0A35 /* CameraView.swift */,
				D952C59B2B24DC85004A0A35 /* Assets.xcassets */,
				D952C59D2B24DC85004A0A35 /* Preview Content */,
			);
			path = SSAMD;
			sourceTree = "<group>";
		};
		D952C59D2B24DC85004A0A35 /* Preview Content */ = {
			isa = PBXGroup;
			children = (
				D952C59E2B24DC85004A0A35 /* Preview Assets.xcassets */,
			);
			path = "Preview Content";
			sourceTree = "<group>";
		};
		D952C5A72B24DC85004A0A35 /* SSAMDTests */ = {
			isa = PBXGroup;
			children = (
				D952C5A82B24DC85004A0A35 /* SSAMDTests.swift */,
			);
			path = SSAMDTests;
			sourceTree = "<group>";
		};
		D952C5B12B24DC85004A0A35 /* SSAMDUITests */ = {
			isa = PBXGroup;
			children = (
				D952C5B22B24DC85004A0A35 /* SSAMDUITests.swift */,
				D952C5B42B24DC85004A0A35 /* SSAMDUITestsLaunchTests.swift */,
			);
			path = SSAMDUITests;
			sourceTree = "<group>";
		};
/* End PBXGroup section */

/* Begin PBXNativeTarget section */
		D952C5932B24DC83004A0A35 /* SSAMD */ = {
			isa = PBXNativeTarget;
			buildConfigurationList = D952C5B82B24DC85004A0A35 /* Build configuration list for PBXNativeTarget "SSAMD" */;
			buildPhases = (
				D952C5902B24DC83004A0A35 /* Sources */,
				D952C5912B24DC83004A0A35 /* Frameworks */,
				D952C5922B24DC83004A0A35 /* Resources */,
			);
			buildRules = (
			);
			dependencies = (
			);
			name = SSAMD;
			packageProductDependencies = (
				D952C6302B253066004A0A35 /* DeviceKit */,
			);
			productName = SSAMD;
			productReference = D952C5942B24DC83004A0A35 /* SSAMD.app */;
			productType = "com.apple.product-type.application";
		};
		D952C5A32B24DC85004A0A35 /* SSAMDTests */ = {
			isa = PBXNativeTarget;
			buildConfigurationList = D952C5BB2B24DC85004A0A35 /* Build configuration list for PBXNativeTarget "SSAMDTests" */;
			buildPhases = (
				D952C5A02B24DC85004A0A35 /* Sources */,
				D952C5A12B24DC85004A0A35 /* Frameworks */,
				D952C5A22B24DC85004A0A35 /* Resources */,
			);
			buildRules = (
			);
			dependencies = (
				D952C5A62B24DC85004A0A35 /* PBXTargetDependency */,
			);
			name = SSAMDTests;
			productName = SSAMDTests;
			productReference = D952C5A42B24DC85004A0A35 /* SSAMDTests.xctest */;
			productType = "com.apple.product-type.bundle.unit-test";
		};
		D952C5AD2B24DC85004A0A35 /* SSAMDUITests */ = {
			isa = PBXNativeTarget;
			buildConfigurationList = D952C5BE2B24DC85004A0A35 /* Build configuration list for PBXNativeTarget "SSAMDUITests" */;
			buildPhases = (
				D952C5AA2B24DC85004A0A35 /* Sources */,
				D952C5AB2B24DC85004A0A35 /* Frameworks */,
				D952C5AC2B24DC85004A0A35 /* Resources */,
			);
			buildRules = (
			);
			dependencies = (
				D952C5B02B24DC85004A0A35 /* PBXTargetDependency */,
			);
			name = SSAMDUITests;
			productName = SSAMDUITests;
			productReference = D952C5AE2B24DC85004A0A35 /* SSAMDUITests.xctest */;
			productType = "com.apple.product-type.bundle.ui-testing";
		};
/* End PBXNativeTarget section */

/* Begin PBXProject section */
		D952C58C2B24DC83004A0A35 /* Project object */ = {
			isa = PBXProject;
			attributes = {
				BuildIndependentTargetsInParallel = 1;
				LastSwiftUpdateCheck = 1500;
				LastUpgradeCheck = 1500;
				TargetAttributes = {
					D952C5932B24DC83004A0A35 = {
						CreatedOnToolsVersion = 15.0.1;
					};
					D952C5A32B24DC85004A0A35 = {
						CreatedOnToolsVersion = 15.0.1;
						TestTargetID = D952C5932B24DC83004A0A35;
					};
					D952C5AD2B24DC85004A0A35 = {
						CreatedOnToolsVersion = 15.0.1;
						TestTargetID = D952C5932B24DC83004A0A35;
					};
				};
			};
			buildConfigurationList = D952C58F2B24DC83004A0A35 /* Build configuration list for PBXProject "SSAMD" */;
			compatibilityVersion = "Xcode 14.0";
			developmentRegion = en;
			hasScannedForEncodings = 0;
			knownRegions = (
				en,
				Base,
			);
			mainGroup = D952C58B2B24DC83004A0A35;
			packageReferences = (
				D952C62F2B253066004A0A35 /* XCRemoteSwiftPackageReference "DeviceKit" */,
			);
			productRefGroup = D952C5952B24DC83004A0A35 /* Products */;
			projectDirPath = "";
			projectRoot = "";
			targets = (
				D952C5932B24DC83004A0A35 /* SSAMD */,
				D952C5A32B24DC85004A0A35 /* SSAMDTests */,
				D952C5AD2B24DC85004A0A35 /* SSAMDUITests */,
			);
		};
/* End PBXProject section */

/* Begin PBXResourcesBuildPhase section */
		D952C5922B24DC83004A0A35 /* Resources */ = {
			isa = PBXResourcesBuildPhase;
			buildActionMask = 2147483647;
			files = (
				D952C59F2B24DC85004A0A35 /* Preview Assets.xcassets in Resources */,
				D952C59C2B24DC85004A0A35 /* Assets.xcassets in Resources */,
			);
			runOnlyForDeploymentPostprocessing = 0;
		};
		D952C5A22B24DC85004A0A35 /* Resources */ = {
			isa = PBXResourcesBuildPhase;
			buildActionMask = 2147483647;
			files = (
			);
			runOnlyForDeploymentPostprocessing = 0;
		};
		D952C5AC2B24DC85004A0A35 /* Resources */ = {
			isa = PBXResourcesBuildPhase;
			buildActionMask = 2147483647;
			files = (
			);
			runOnlyForDeploymentPostprocessing = 0;
		};
/* End PBXResourcesBuildPhase section */

/* Begin PBXSourcesBuildPhase section */
		D952C5902B24DC83004A0A35 /* Sources */ = {
			isa = PBXSourcesBuildPhase;
			buildActionMask = 2147483647;
			files = (
				D952C6332B25351F004A0A35 /* CameraView.swift in Sources */,
				D952C59A2B24DC83004A0A35 /* ContentView.swift in Sources */,
				D952C5982B24DC83004A0A35 /* SSAMDApp.swift in Sources */,
			);
			runOnlyForDeploymentPostprocessing = 0;
		};
		D952C5A02B24DC85004A0A35 /* Sources */ = {
			isa = PBXSourcesBuildPhase;
			buildActionMask = 2147483647;
			files = (
				D952C5A92B24DC85004A0A35 /* SSAMDTests.swift in Sources */,
			);
			runOnlyForDeploymentPostprocessing = 0;
		};
		D952C5AA2B24DC85004A0A35 /* Sources */ = {
			isa = PBXSourcesBuildPhase;
			buildActionMask = 2147483647;
			files = (
				D952C5B32B24DC85004A0A35 /* SSAMDUITests.swift in Sources */,
				D952C5B52B24DC85004A0A35 /* SSAMDUITestsLaunchTests.swift in Sources */,
			);
			runOnlyForDeploymentPostprocessing = 0;
		};
/* End PBXSourcesBuildPhase section */

/* Begin PBXTargetDependency section */
		D952C5A62B24DC85004A0A35 /* PBXTargetDependency */ = {
			isa = PBXTargetDependency;
			target = D952C5932B24DC83004A0A35 /* SSAMD */;
			targetProxy = D952C5A52B24DC85004A0A35 /* PBXContainerItemProxy */;
		};
		D952C5B02B24DC85004A0A35 /* PBXTargetDependency */ = {
			isa = PBXTargetDependency;
			target = D952C5932B24DC83004A0A35 /* SSAMD */;
			targetProxy = D952C5AF2B24DC85004A0A35 /* PBXContainerItemProxy */;
		};
/* End PBXTargetDependency section */

/* Begin XCBuildConfiguration section */
		D952C5B62B24DC85004A0A35 /* Debug */ = {
			isa = XCBuildConfiguration;
			buildSettings = {
				ALWAYS_SEARCH_USER_PATHS = NO;
				ASSETCATALOG_COMPILER_GENERATE_SWIFT_ASSET_SYMBOL_EXTENSIONS = YES;
				CLANG_ANALYZER_NONNULL = YES;
				CLANG_ANALYZER_NUMBER_OBJECT_CONVERSION = YES_AGGRESSIVE;
				CLANG_CXX_LANGUAGE_STANDARD = "gnu++20";
				CLANG_ENABLE_MODULES = YES;
				CLANG_ENABLE_OBJC_ARC = YES;
				CLANG_ENABLE_OBJC_WEAK = YES;
				CLANG_WARN_BLOCK_CAPTURE_AUTORELEASING = YES;
				CLANG_WARN_BOOL_CONVERSION = YES;
				CLANG_WARN_COMMA = YES;
				CLANG_WARN_CONSTANT_CONVERSION = YES;
				CLANG_WARN_DEPRECATED_OBJC_IMPLEMENTATIONS = YES;
				CLANG_WARN_DIRECT_OBJC_ISA_USAGE = YES_ERROR;
				CLANG_WARN_DOCUMENTATION_COMMENTS = YES;
				CLANG_WARN_EMPTY_BODY = YES;
				CLANG_WARN_ENUM_CONVERSION = YES;
				CLANG_WARN_INFINITE_RECURSION = YES;
				CLANG_WARN_INT_CONVERSION = YES;
				CLANG_WARN_NON_LITERAL_NULL_CONVERSION = YES;
				CLANG_WARN_OBJC_IMPLICIT_RETAIN_SELF = YES;
				CLANG_WARN_OBJC_LITERAL_CONVERSION = YES;
				CLANG_WARN_OBJC_ROOT_CLASS = YES_ERROR;
				CLANG_WARN_QUOTED_INCLUDE_IN_FRAMEWORK_HEADER = YES;
				CLANG_WARN_RANGE_LOOP_ANALYSIS = YES;
				CLANG_WARN_STRICT_PROTOTYPES = YES;
				CLANG_WARN_SUSPICIOUS_MOVE = YES;
				CLANG_WARN_UNGUARDED_AVAILABILITY = YES_AGGRESSIVE;
				CLANG_WARN_UNREACHABLE_CODE = YES;
				CLANG_WARN__DUPLICATE_METHOD_MATCH = YES;
				COPY_PHASE_STRIP = NO;
				DEBUG_INFORMATION_FORMAT = dwarf;
				ENABLE_STRICT_OBJC_MSGSEND = YES;
				ENABLE_TESTABILITY = YES;
				ENABLE_USER_SCRIPT_SANDBOXING = YES;
				GCC_C_LANGUAGE_STANDARD = gnu17;
				GCC_DYNAMIC_NO_PIC = NO;
				GCC_NO_COMMON_BLOCKS = YES;
				GCC_OPTIMIZATION_LEVEL = 0;
				GCC_PREPROCESSOR_DEFINITIONS = (
					"DEBUG=1",
					"$(inherited)",
				);
				GCC_WARN_64_TO_32_BIT_CONVERSION = YES;
				GCC_WARN_ABOUT_RETURN_TYPE = YES_ERROR;
				GCC_WARN_UNDECLARED_SELECTOR = YES;
				GCC_WARN_UNINITIALIZED_AUTOS = YES_AGGRESSIVE;
				GCC_WARN_UNUSED_FUNCTION = YES;
				GCC_WARN_UNUSED_VARIABLE = YES;
				IPHONEOS_DEPLOYMENT_TARGET = 17.0;
				LOCALIZATION_PREFERS_STRING_CATALOGS = YES;
				MTL_ENABLE_DEBUG_INFO = INCLUDE_SOURCE;
				MTL_FAST_MATH = YES;
				ONLY_ACTIVE_ARCH = YES;
				SDKROOT = iphoneos;
				SWIFT_ACTIVE_COMPILATION_CONDITIONS = "DEBUG $(inherited)";
				SWIFT_OPTIMIZATION_LEVEL = "-Onone";
			};
			name = Debug;
		};
		D952C5B72B24DC85004A0A35 /* Release */ = {
			isa = XCBuildConfiguration;
			buildSettings = {
				ALWAYS_SEARCH_USER_PATHS = NO;
				ASSETCATALOG_COMPILER_GENERATE_SWIFT_ASSET_SYMBOL_EXTENSIONS = YES;
				CLANG_ANALYZER_NONNULL = YES;
				CLANG_ANALYZER_NUMBER_OBJECT_CONVERSION = YES_AGGRESSIVE;
				CLANG_CXX_LANGUAGE_STANDARD = "gnu++20";
				CLANG_ENABLE_MODULES = YES;
				CLANG_ENABLE_OBJC_ARC = YES;
				CLANG_ENABLE_OBJC_WEAK = YES;
				CLANG_WARN_BLOCK_CAPTURE_AUTORELEASING = YES;
				CLANG_WARN_BOOL_CONVERSION = YES;
				CLANG_WARN_COMMA = YES;
				CLANG_WARN_CONSTANT_CONVERSION = YES;
				CLANG_WARN_DEPRECATED_OBJC_IMPLEMENTATIONS = YES;
				CLANG_WARN_DIRECT_OBJC_ISA_USAGE = YES_ERROR;
				CLANG_WARN_DOCUMENTATION_COMMENTS = YES;
				CLANG_WARN_EMPTY_BODY = YES;
				CLANG_WARN_ENUM_CONVERSION = YES;
				CLANG_WARN_INFINITE_RECURSION = YES;
				CLANG_WARN_INT_CONVERSION = YES;
				CLANG_WARN_NON_LITERAL_NULL_CONVERSION = YES;
				CLANG_WARN_OBJC_IMPLICIT_RETAIN_SELF = YES;
				CLANG_WARN_OBJC_LITERAL_CONVERSION = YES;
				CLANG_WARN_OBJC_ROOT_CLASS = YES_ERROR;
				CLANG_WARN_QUOTED_INCLUDE_IN_FRAMEWORK_HEADER = YES;
				CLANG_WARN_RANGE_LOOP_ANALYSIS = YES;
				CLANG_WARN_STRICT_PROTOTYPES = YES;
				CLANG_WARN_SUSPICIOUS_MOVE = YES;
				CLANG_WARN_UNGUARDED_AVAILABILITY = YES_AGGRESSIVE;
				CLANG_WARN_UNREACHABLE_CODE = YES;
				CLANG_WARN__DUPLICATE_METHOD_MATCH = YES;
				COPY_PHASE_STRIP = NO;
				DEBUG_INFORMATION_FORMAT = "dwarf-with-dsym";
				ENABLE_NS_ASSERTIONS = NO;
				ENABLE_STRICT_OBJC_MSGSEND = YES;
				ENABLE_USER_SCRIPT_SANDBOXING = YES;
				GCC_C_LANGUAGE_STANDARD = gnu17;
				GCC_NO_COMMON_BLOCKS = YES;
				GCC_WARN_64_TO_32_BIT_CONVERSION = YES;
				GCC_WARN_ABOUT_RETURN_TYPE = YES_ERROR;
				GCC_WARN_UNDECLARED_SELECTOR = YES;
				GCC_WARN_UNINITIALIZED_AUTOS = YES_AGGRESSIVE;
				GCC_WARN_UNUSED_FUNCTION = YES;
				GCC_WARN_UNUSED_VARIABLE = YES;
				IPHONEOS_DEPLOYMENT_TARGET = 17.0;
				LOCALIZATION_PREFERS_STRING_CATALOGS = YES;
				MTL_ENABLE_DEBUG_INFO = NO;
				MTL_FAST_MATH = YES;
				SDKROOT = iphoneos;
				SWIFT_COMPILATION_MODE = wholemodule;
				VALIDATE_PRODUCT = YES;
			};
			name = Release;
		};
		D952C5B92B24DC85004A0A35 /* Debug */ = {
			isa = XCBuildConfiguration;
			buildSettings = {
				ASSETCATALOG_COMPILER_APPICON_NAME = AppIcon;
				ASSETCATALOG_COMPILER_GLOBAL_ACCENT_COLOR_NAME = AccentColor;
				CODE_SIGN_IDENTITY = "Apple Development";
				CODE_SIGN_STYLE = Automatic;
				CURRENT_PROJECT_VERSION = 1;
				DEVELOPMENT_ASSET_PATHS = "\"SSAMD/Preview Content\"";
				DEVELOPMENT_TEAM = BVDGWJGVD4;
				ENABLE_PREVIEWS = YES;
				GENERATE_INFOPLIST_FILE = YES;
				INFOPLIST_KEY_UIApplicationSceneManifest_Generation = YES;
				INFOPLIST_KEY_UIApplicationSupportsIndirectInputEvents = YES;
				INFOPLIST_KEY_UILaunchScreen_Generation = YES;
				INFOPLIST_KEY_UISupportedInterfaceOrientations = UIInterfaceOrientationPortrait;
				INFOPLIST_KEY_UISupportedInterfaceOrientations_iPad = "UIInterfaceOrientationLandscapeLeft UIInterfaceOrientationLandscapeRight UIInterfaceOrientationPortrait UIInterfaceOrientationPortraitUpsideDown";
				LD_RUNPATH_SEARCH_PATHS = (
					"$(inherited)",
					"@executable_path/Frameworks",
				);
				MARKETING_VERSION = 1.0;
				PRODUCT_BUNDLE_IDENTIFIER = SF23.SSAMD;
				PRODUCT_NAME = "$(TARGET_NAME)";
				PROVISIONING_PROFILE_SPECIFIER = "";
				SWIFT_EMIT_LOC_STRINGS = YES;
				SWIFT_VERSION = 5.0;
				TARGETED_DEVICE_FAMILY = "1,2";
			};
			name = Debug;
		};
		D952C5BA2B24DC85004A0A35 /* Release */ = {
			isa = XCBuildConfiguration;
			buildSettings = {
				ASSETCATALOG_COMPILER_APPICON_NAME = AppIcon;
				ASSETCATALOG_COMPILER_GLOBAL_ACCENT_COLOR_NAME = AccentColor;
				CODE_SIGN_IDENTITY = "Apple Development";
				CODE_SIGN_STYLE = Automatic;
				CURRENT_PROJECT_VERSION = 1;
				DEVELOPMENT_ASSET_PATHS = "\"SSAMD/Preview Content\"";
				DEVELOPMENT_TEAM = BVDGWJGVD4;
				ENABLE_PREVIEWS = YES;
				GENERATE_INFOPLIST_FILE = YES;
				INFOPLIST_KEY_UIApplicationSceneManifest_Generation = YES;
				INFOPLIST_KEY_UIApplicationSupportsIndirectInputEvents = YES;
				INFOPLIST_KEY_UILaunchScreen_Generation = YES;
				INFOPLIST_KEY_UISupportedInterfaceOrientations = UIInterfaceOrientationPortrait;
				INFOPLIST_KEY_UISupportedInterfaceOrientations_iPad = "UIInterfaceOrientationLandscapeLeft UIInterfaceOrientationLandscapeRight UIInterfaceOrientationPortrait UIInterfaceOrientationPortraitUpsideDown";
				LD_RUNPATH_SEARCH_PATHS = (
					"$(inherited)",
					"@executable_path/Frameworks",
				);
				MARKETING_VERSION = 1.0;
				PRODUCT_BUNDLE_IDENTIFIER = SF23.SSAMD;
				PRODUCT_NAME = "$(TARGET_NAME)";
				PROVISIONING_PROFILE_SPECIFIER = "";
				SWIFT_EMIT_LOC_STRINGS = YES;
				SWIFT_VERSION = 5.0;
				TARGETED_DEVICE_FAMILY = "1,2";
			};
			name = Release;
		};
		D952C5BC2B24DC85004A0A35 /* Debug */ = {
			isa = XCBuildConfiguration;
			buildSettings = {
				ALWAYS_EMBED_SWIFT_STANDARD_LIBRARIES = YES;
				BUNDLE_LOADER = "$(TEST_HOST)";
				CODE_SIGN_STYLE = Automatic;
				CURRENT_PROJECT_VERSION = 1;
				DEVELOPMENT_TEAM = BVDGWJGVD4;
				GENERATE_INFOPLIST_FILE = YES;
				IPHONEOS_DEPLOYMENT_TARGET = 17.0;
				MARKETING_VERSION = 1.0;
				PRODUCT_BUNDLE_IDENTIFIER = SF23.SSAMDTests;
				PRODUCT_NAME = "$(TARGET_NAME)";
				SWIFT_EMIT_LOC_STRINGS = NO;
				SWIFT_VERSION = 5.0;
				TARGETED_DEVICE_FAMILY = "1,2";
				TEST_HOST = "$(BUILT_PRODUCTS_DIR)/SSAMD.app/$(BUNDLE_EXECUTABLE_FOLDER_PATH)/SSAMD";
			};
			name = Debug;
		};
		D952C5BD2B24DC85004A0A35 /* Release */ = {
			isa = XCBuildConfiguration;
			buildSettings = {
				ALWAYS_EMBED_SWIFT_STANDARD_LIBRARIES = YES;
				BUNDLE_LOADER = "$(TEST_HOST)";
				CODE_SIGN_STYLE = Automatic;
				CURRENT_PROJECT_VERSION = 1;
				DEVELOPMENT_TEAM = BVDGWJGVD4;
				GENERATE_INFOPLIST_FILE = YES;
				IPHONEOS_DEPLOYMENT_TARGET = 17.0;
				MARKETING_VERSION = 1.0;
				PRODUCT_BUNDLE_IDENTIFIER = SF23.SSAMDTests;
				PRODUCT_NAME = "$(TARGET_NAME)";
				SWIFT_EMIT_LOC_STRINGS = NO;
				SWIFT_VERSION = 5.0;
				TARGETED_DEVICE_FAMILY = "1,2";
				TEST_HOST = "$(BUILT_PRODUCTS_DIR)/SSAMD.app/$(BUNDLE_EXECUTABLE_FOLDER_PATH)/SSAMD";
			};
			name = Release;
		};
		D952C5BF2B24DC85004A0A35 /* Debug */ = {
			isa = XCBuildConfiguration;
			buildSettings = {
				ALWAYS_EMBED_SWIFT_STANDARD_LIBRARIES = YES;
				CODE_SIGN_STYLE = Automatic;
				CURRENT_PROJECT_VERSION = 1;
				DEVELOPMENT_TEAM = BVDGWJGVD4;
				GENERATE_INFOPLIST_FILE = YES;
				MARKETING_VERSION = 1.0;
				PRODUCT_BUNDLE_IDENTIFIER = SF23.SSAMDUITests;
				PRODUCT_NAME = "$(TARGET_NAME)";
				SWIFT_EMIT_LOC_STRINGS = NO;
				SWIFT_VERSION = 5.0;
				TARGETED_DEVICE_FAMILY = "1,2";
				TEST_TARGET_NAME = SSAMD;
			};
			name = Debug;
		};
		D952C5C02B24DC85004A0A35 /* Release */ = {
			isa = XCBuildConfiguration;
			buildSettings = {
				ALWAYS_EMBED_SWIFT_STANDARD_LIBRARIES = YES;
				CODE_SIGN_STYLE = Automatic;
				CURRENT_PROJECT_VERSION = 1;
				DEVELOPMENT_TEAM = BVDGWJGVD4;
				GENERATE_INFOPLIST_FILE = YES;
				MARKETING_VERSION = 1.0;
				PRODUCT_BUNDLE_IDENTIFIER = SF23.SSAMDUITests;
				PRODUCT_NAME = "$(TARGET_NAME)";
				SWIFT_EMIT_LOC_STRINGS = NO;
				SWIFT_VERSION = 5.0;
				TARGETED_DEVICE_FAMILY = "1,2";
				TEST_TARGET_NAME = SSAMD;
			};
			name = Release;
		};
/* End XCBuildConfiguration section */

/* Begin XCConfigurationList section */
		D952C58F2B24DC83004A0A35 /* Build configuration list for PBXProject "SSAMD" */ = {
			isa = XCConfigurationList;
			buildConfigurations = (
				D952C5B62B24DC85004A0A35 /* Debug */,
				D952C5B72B24DC85004A0A35 /* Release */,
			);
			defaultConfigurationIsVisible = 0;
			defaultConfigurationName = Release;
		};
		D952C5B82B24DC85004A0A35 /* Build configuration list for PBXNativeTarget "SSAMD" */ = {
			isa = XCConfigurationList;
			buildConfigurations = (
				D952C5B92B24DC85004A0A35 /* Debug */,
				D952C5BA2B24DC85004A0A35 /* Release */,
			);
			defaultConfigurationIsVisible = 0;
			defaultConfigurationName = Release;
		};
		D952C5BB2B24DC85004A0A35 /* Build configuration list for PBXNativeTarget "SSAMDTests" */ = {
			isa = XCConfigurationList;
			buildConfigurations = (
				D952C5BC2B24DC85004A0A35 /* Debug */,
				D952C5BD2B24DC85004A0A35 /* Release */,
			);
			defaultConfigurationIsVisible = 0;
			defaultConfigurationName = Release;
		};
		D952C5BE2B24DC85004A0A35 /* Build configuration list for PBXNativeTarget "SSAMDUITests" */ = {
			isa = XCConfigurationList;
			buildConfigurations = (
				D952C5BF2B24DC85004A0A35 /* Debug */,
				D952C5C02B24DC85004A0A35 /* Release */,
			);
			defaultConfigurationIsVisible = 0;
			defaultConfigurationName = Release;
		};
/* End XCConfigurationList section */

/* Begin XCRemoteSwiftPackageReference section */
		D952C62F2B253066004A0A35 /* XCRemoteSwiftPackageReference "DeviceKit" */ = {
			isa = XCRemoteSwiftPackageReference;
			repositoryURL = "https://github.com/devicekit/DeviceKit.git";
			requirement = {
				kind = upToNextMajorVersion;
				minimumVersion = 5.1.0;
			};
		};
/* End XCRemoteSwiftPackageReference section */

/* Begin XCSwiftPackageProductDependency section */
		D952C6302B253066004A0A35 /* DeviceKit */ = {
			isa = XCSwiftPackageProductDependency;
			package = D952C62F2B253066004A0A35 /* XCRemoteSwiftPackageReference "DeviceKit" */;
			productName = DeviceKit;
		};
/* End XCSwiftPackageProductDependency section */
	};
	rootObject = D952C58C2B24DC83004A0A35 /* Project object */;
}
